Microsoft Visual Studio Solution File, Format Version 12.00
# Visual Studio Version 17
VisualStudioVersion = 17.5.2.0
MinimumVisualStudioVersion = 10.0.40219.1
Project("{FAE04EC0-301F-11D3-BF4B-00C04F79EFBC}") = "ASIB", "ASIB.csproj", "{61063991-52EE-2155-BF32-6AE65189376E}"
EndProject
Global
	GlobalSection(SolutionConfigurationPlatforms) = preSolution
		Debug|Any CPU = Debug|Any CPU
		Release|Any CPU = Release|Any CPU
	EndGlobalSection
	GlobalSection(ProjectConfigurationPlatforms) = postSolution
		{61063991-52EE-2155-BF32-6AE65189376E}.Debug|Any CPU.ActiveCfg = Debug|Any CPU
		{61063991-52EE-2155-BF32-6AE65189376E}.Debug|Any CPU.Build.0 = Debug|Any CPU
		{61063991-52EE-2155-BF32-6AE65189376E}.Release|Any CPU.ActiveCfg = Release|Any CPU
		{61063991-52EE-2155-BF32-6AE65189376E}.Release|Any CPU.Build.0 = Release|Any CPU
	EndGlobalSection
	GlobalSection(SolutionProperties) = preSolution
		HideSolutionNode = FALSE
	EndGlobalSection
	GlobalSection(ExtensibilityGlobals) = postSolution
		SolutionGuid = {225BBE2C-6FB9-4688-913A-6F1864E78E38}
	EndGlobalSection
EndGlobal
